%{"bbmustache": {:hex, :bbmustache, "1.0.4"},
  "certifi": {:hex, :certifi, "0.3.0"},
  "cf": {:hex, :cf, "0.2.1"},
  "connection": {:hex, :connection, "1.0.2"},
  "cowboy": {:hex, :cowboy, "1.0.4"},
  "cowlib": {:hex, :cowlib, "1.0.2"},
  "db_connection": {:hex, :db_connection, "0.2.4"},
  "decimal": {:hex, :decimal, "1.1.1"},
  "earmark": {:hex, :earmark, "0.2.1"},
  "ecto": {:hex, :ecto, "2.0.0-beta.2"},
  "erlware_commons": {:hex, :erlware_commons, "0.19.0"},
  "exrm": {:git, "https://github.com/bitwalker/exrm.git", "0c9494ddf0d7cc7894ee9ae212468e2d8d11b88d", []},
  "fs": {:hex, :fs, "0.9.2"},
  "getopt": {:hex, :getopt, "0.8.2"},
  "gettext": {:git, "https://github.com/elixir-lang/gettext.git", "8d5e24d31fc9a6f20af4d1e2c5a4aebacaad2e26", []},
  "hackney": {:hex, :hackney, "1.4.10"},
  "httpoison": {:hex, :httpoison, "0.8.1"},
  "idna": {:hex, :idna, "1.1.0"},
  "mimerl": {:hex, :mimerl, "1.0.2"},
  "mimetype_parser": {:hex, :mimetype_parser, "0.1.1"},
  "oauth2": {:git, "https://github.com/scrogson/oauth2.git", "a17e8258d18fcadf11bda54ae4c16ee04e489428", []},
  "phoenix": {:git, "https://github.com/phoenixframework/phoenix.git", "f1d77c1d5d6778582ec848fb5747156d4a1667a9", []},
  "phoenix_ecto": {:git, "https://github.com/phoenixframework/phoenix_ecto.git", "717332fca68a1ea3079a2c5e9ceba9c908eb1272", []},
  "phoenix_html": {:git, "https://github.com/phoenixframework/phoenix_html.git", "78f9f7262376d6050120a6148c9c68b0bb5b1a6a", []},
  "phoenix_live_reload": {:git, "https://github.com/phoenixframework/phoenix_live_reload.git", "c96509fc2100cca1eb03725711702426a730dec5", []},
  "phoenix_pubsub": {:git, "https://github.com/phoenixframework/phoenix_pubsub.git", "137481d901442618cb93f01b8f6dab4a6ebc66ec", []},
  "plug": {:hex, :plug, "1.1.2"},
  "poison": {:hex, :poison, "1.5.2"},
  "poolboy": {:hex, :poolboy, "1.5.1"},
  "postgrex": {:hex, :postgrex, "0.11.1"},
  "providers": {:hex, :providers, "1.6.0"},
  "ranch": {:hex, :ranch, "1.2.1"},
  "relx": {:hex, :relx, "3.18.0"},
  "reprise": {:git, "https://github.com/herenowcoder/reprise.git", "9a8404bb81cba0e71781ff63a92815252567150f", []},
  "ssl_verify_hostname": {:hex, :ssl_verify_hostname, "1.0.5"}}
